
Microsoft Visual Studio Solution File, Format Version 12.00
# Visual Studio 15
VisualStudioVersion = 15.0.27130.2010
MinimumVisualStudioVersion = 10.0.40219.1
Project("{2150E333-8FDC-42A3-9474-1A3956D46DE8}") = "Solution Items", "Solution Items", "{F60FEC02-E0D3-449E-AE72-6152E699FF93}"
	ProjectSection(SolutionItems) = preProject
		App.config = App.config
		ConnectionStrings.cs = ConnectionStrings.cs
		README.md = README.md
	EndProjectSection
EndProject
Project("{FAE04EC0-301F-11D3-BF4B-00C04F79EFBC}") = "Test.Automation.Data", "Test.Automation.Data\Test.Automation.Data.csproj", "{44B7CA8A-B62C-45AF-95AC-F0F7C5A8324D}"
EndProject
Project("{FAE04EC0-301F-11D3-BF4B-00C04F79EFBC}") = "Test.Automation.Data.Tests", "Test.Automation.Data.Tests\Test.Automation.Data.Tests.csproj", "{28040956-17E4-4D57-AAD9-92D2956E6554}"
EndProject
Global
	GlobalSection(SolutionConfigurationPlatforms) = preSolution
		Debug|Any CPU = Debug|Any CPU
		Release|Any CPU = Release|Any CPU
	EndGlobalSection
	GlobalSection(ProjectConfigurationPlatforms) = postSolution
		{44B7CA8A-B62C-45AF-95AC-F0F7C5A8324D}.Debug|Any CPU.ActiveCfg = Debug|Any CPU
		{44B7CA8A-B62C-45AF-95AC-F0F7C5A8324D}.Debug|Any CPU.Build.0 = Debug|Any CPU
		{44B7CA8A-B62C-45AF-95AC-F0F7C5A8324D}.Release|Any CPU.ActiveCfg = Release|Any CPU
		{44B7CA8A-B62C-45AF-95AC-F0F7C5A8324D}.Release|Any CPU.Build.0 = Release|Any CPU
		{28040956-17E4-4D57-AAD9-92D2956E6554}.Debug|Any CPU.ActiveCfg = Debug|Any CPU
		{28040956-17E4-4D57-AAD9-92D2956E6554}.Debug|Any CPU.Build.0 = Debug|Any CPU
		{28040956-17E4-4D57-AAD9-92D2956E6554}.Release|Any CPU.ActiveCfg = Release|Any CPU
		{28040956-17E4-4D57-AAD9-92D2956E6554}.Release|Any CPU.Build.0 = Release|Any CPU
	EndGlobalSection
	GlobalSection(SolutionProperties) = preSolution
		HideSolutionNode = FALSE
	EndGlobalSection
	GlobalSection(ExtensibilityGlobals) = postSolution
		SolutionGuid = {DB7315C9-83B7-4058-B8ED-8F4A34AB56EC}
	EndGlobalSection
EndGlobal
